<?xml version="1.0" encoding="utf-8"?>
<Project ToolsVersion="4.0" xmlns="http://schemas.microsoft.com/developer/msbuild/2003">
  <ItemGroup>
    <Filter Include="Source">
      <UniqueIdentifier>{4FC737F1-C7A5-4376-A066-2A32D752A2FF}</UniqueIdentifier>
      <Extensions>cpp;c;cc;cxx;def;odl;idl;hpj;bat;asm;asmx</Extensions>
    </Filter>
    <Filter Include="Header">
      <UniqueIdentifier>{93995380-89BD-4b04-88EB-625FBE52EBFB}</UniqueIdentifier>
      <Extensions>h;hh;hpp;hxx;hm;inl;inc;ipp;xsd</Extensions>
    </Filter>
    <Filter Include="SDK">
      <UniqueIdentifier>{67DA6AB6-F800-4c08-8B7A-83BB121AAD01}</UniqueIdentifier>
      <Extensions>rc;ico;cur;bmp;dlg;rc2;rct;bin;rgs;gif;jpg;jpeg;jpe;resx;tiff;tif;png;wav;mfcribbon-ms</Extensions>
    </Filter>
    <Filter Include="Hacks">
      <UniqueIdentifier>{11634157-09e5-4e97-b276-32c8fe40059b}</UniqueIdentifier>
    </Filter>
    <Filter Include="Source\Player Classes">
      <UniqueIdentifier>{b9e0b5b8-63f5-4e40-a208-6336aaa8d670}</UniqueIdentifier>
    </Filter>
    <Filter Include="Source\Player Classes\Survivors">
      <UniqueIdentifier>{d4318f3c-8abe-430e-b1d0-b5999e013764}</UniqueIdentifier>
    </Filter>
    <Filter Include="Source\Player Classes\Zombies">
      <UniqueIdentifier>{6a48c13e-888d-4216-84f8-481c5823e01b}</UniqueIdentifier>
    </Filter>
    <Filter Include="Source\Game Modes">
      <UniqueIdentifier>{451f04f0-2001-4664-85dd-48498e6b5519}</UniqueIdentifier>
    </Filter>
  </ItemGroup>
  <ItemGroup>
    <ClInclude Include="Trampolines.h">
      <Filter>Hacks</Filter>
    </ClInclude>
    <ClInclude Include="hooklist.h">
      <Filter>Hacks</Filter>
    </ClInclude>
    <ClInclude Include="hook_callbacks.h">
      <Filter>Hacks</Filter>
    </ClInclude>
    <ClInclude Include="hook.h">
      <Filter>Hacks</Filter>
    </ClInclude>
    <ClInclude Include="HamSandwich.h">
      <Filter>Hacks</Filter>
    </ClInclude>
    <ClInclude Include="GameMode.h">
      <Filter>Header</Filter>
    </ClInclude>
    <ClInclude Include="AmxxApi.h">
      <Filter>Header</Filter>
    </ClInclude>
    <ClInclude Include="CstrikeDatas.h">
      <Filter>Header</Filter>
    </ClInclude>
    <ClInclude Include="Human.h">
      <Filter>Header</Filter>
    </ClInclude>
    <ClInclude Include="Player.h">
      <Filter>Header</Filter>
    </ClInclude>
    <ClInclude Include="PlayerClass.h">
      <Filter>Header</Filter>
    </ClInclude>
    <ClInclude Include="PlayerHandler.h">
      <Filter>Header</Filter>
    </ClInclude>
    <ClInclude Include="Utilities.h">
      <Filter>Header</Filter>
    </ClInclude>
    <ClInclude Include="WrappedEntity.h">
      <Filter>Header</Filter>
    </ClInclude>
    <ClInclude Include="Zombie.h">
      <Filter>Header</Filter>
    </ClInclude>
    <ClInclude Include="sdk\amxxmodule.h">
      <Filter>SDK</Filter>
    </ClInclude>
    <ClInclude Include="sdk\moduleconfig.h">
      <Filter>SDK</Filter>
    </ClInclude>
    <ClInclude Include="CLogEvent.h">
      <Filter>Header</Filter>
    </ClInclude>
    <ClInclude Include="CEvent.h">
      <Filter>Header</Filter>
    </ClInclude>
    <ClInclude Include="Timer.h">
      <Filter>Header</Filter>
    </ClInclude>
    <ClInclude Include="GameRules.h">
      <Filter>Header</Filter>
    </ClInclude>
    <ClInclude Include="ham_const.h">
      <Filter>Hacks</Filter>
    </ClInclude>
    <ClInclude Include="InfectionMode.h">
      <Filter>Header</Filter>
    </ClInclude>
    <ClInclude Include="Hacks.h">
      <Filter>Hacks</Filter>
    </ClInclude>
    <ClInclude Include="..\..\..\..\..\..\SDK\amxmodx\public\memtools\MemoryUtils.h">
      <Filter>Hacks</Filter>
    </ClInclude>
    <ClInclude Include="..\..\..\..\..\..\SDK\amxmodx\public\memtools\CDetour\detourhelpers.h">
      <Filter>Hacks</Filter>
    </ClInclude>
    <ClInclude Include="..\..\..\..\..\..\SDK\amxmodx\public\memtools\CDetour\detours.h">
      <Filter>Hacks</Filter>
    </ClInclude>
    <ClInclude Include="..\..\..\..\..\..\SDK\amxmodx\public\memtools\CDetour\asm\asm.h">
      <Filter>Hacks</Filter>
    </ClInclude>
    <ClInclude Include="HunterZombie.h">
      <Filter>Header</Filter>
    </ClInclude>
  </ItemGroup>
  <ItemGroup>
    <ClCompile Include="Module.cpp">
      <Filter>Source</Filter>
    </ClCompile>
    <ClCompile Include="Player.cpp">
      <Filter>Source</Filter>
    </ClCompile>
    <ClCompile Include="Utilities.cpp">
      <Filter>Source</Filter>
    </ClCompile>
    <ClCompile Include="PlayerHandler.cpp">
      <Filter>Source</Filter>
    </ClCompile>
    <ClCompile Include="PlayerClassHelper.cpp">
      <Filter>Source</Filter>
    </ClCompile>
    <ClCompile Include="offsets.h">
      <Filter>Hacks</Filter>
    </ClCompile>
    <ClCompile Include="config_parser.cpp">
      <Filter>Hacks</Filter>
    </ClCompile>
    <ClCompile Include="HamSandwich.cpp">
      <Filter>Hacks</Filter>
    </ClCompile>
    <ClCompile Include="AmxxApi.cpp">
      <Filter>Source</Filter>
    </ClCompile>
    <ClCompile Include="GameMode.cpp">
      <Filter>Source</Filter>
    </ClCompile>
    <ClCompile Include="sdk\amxxmodule.cpp">
      <Filter>SDK</Filter>
    </ClCompile>
    <ClCompile Include="CLogEvent.cpp">
      <Filter>Source</Filter>
    </ClCompile>
    <ClCompile Include="CEvent.cpp">
      <Filter>Source</Filter>
    </ClCompile>
    <ClCompile Include="Timer.cpp">
      <Filter>Source</Filter>
    </ClCompile>
    <ClCompile Include="GameRules.cpp">
      <Filter>Source</Filter>
    </ClCompile>
    <ClCompile Include="Hacks.cpp">
      <Filter>Hacks</Filter>
    </ClCompile>
    <ClCompile Include="..\..\..\..\..\..\SDK\amxmodx\public\memtools\CDetour\asm\asm.c">
      <Filter>Hacks</Filter>
    </ClCompile>
    <ClCompile Include="..\..\..\..\..\..\SDK\amxmodx\public\memtools\CDetour\detours.cpp">
      <Filter>Hacks</Filter>
    </ClCompile>
    <ClCompile Include="..\..\..\..\..\..\SDK\amxmodx\public\memtools\MemoryUtils.cpp">
      <Filter>Hacks</Filter>
    </ClCompile>
    <ClCompile Include="Human.cpp">
      <Filter>Source\Player Classes\Survivors</Filter>
    </ClCompile>
    <ClCompile Include="Zombie.cpp">
      <Filter>Source\Player Classes\Zombies</Filter>
    </ClCompile>
    <ClCompile Include="InfectionMode.cpp">
      <Filter>Source\Game Modes</Filter>
    </ClCompile>
    <ClCompile Include="HunterZombie.cpp">
      <Filter>Source\Player Classes\Zombies</Filter>
    </ClCompile>
  </ItemGroup>
</Project>